// !$*UTF8*$!
{
	archiveVersion = 1;
	classes = {
	};
	objectVersion = 50;
	objects = {

/* Begin PBXBuildFile section */
		41A92D9923C3470C0047A41C /* AppDelegate.swift in Sources */ = {isa = PBXBuildFile; fileRef = 41A92D9823C3470C0047A41C /* AppDelegate.swift */; };
		41A92D9D23C3470C0047A41C /* ViewController.swift in Sources */ = {isa = PBXBuildFile; fileRef = 41A92D9C23C3470C0047A41C /* ViewController.swift */; };
		41A92DA023C3470C0047A41C /* Main.storyboard in Resources */ = {isa = PBXBuildFile; fileRef = 41A92D9E23C3470C0047A41C /* Main.storyboard */; };
		41A92DA223C347120047A41C /* Assets.xcassets in Resources */ = {isa = PBXBuildFile; fileRef = 41A92DA123C347120047A41C /* Assets.xcassets */; };
		41A92DA523C347120047A41C /* LaunchScreen.storyboard in Resources */ = {isa = PBXBuildFile; fileRef = 41A92DA323C347120047A41C /* LaunchScreen.storyboard */; };
		41A92DB023C347120047A41C /* CashmachineTests.swift in Sources */ = {isa = PBXBuildFile; fileRef = 41A92DAF23C347120047A41C /* CashmachineTests.swift */; };
		41A92DBB23C4963F0047A41C /* Product.swift in Sources */ = {isa = PBXBuildFile; fileRef = 41A92DBA23C4963F0047A41C /* Product.swift */; };
		41A92DC123C4996D0047A41C /* FinishController.swift in Sources */ = {isa = PBXBuildFile; fileRef = 41A92DC023C4996D0047A41C /* FinishController.swift */; };
		41A92DC323C499CD0047A41C /* BarcodeController.swift in Sources */ = {isa = PBXBuildFile; fileRef = 41A92DC223C499CD0047A41C /* BarcodeController.swift */; };
		41A92DC523C499F70047A41C /* InfoProductController.swift in Sources */ = {isa = PBXBuildFile; fileRef = 41A92DC423C499F70047A41C /* InfoProductController.swift */; };
		41A92DC823C49A650047A41C /* CashmachineService.swift in Sources */ = {isa = PBXBuildFile; fileRef = 41A92DC723C49A650047A41C /* CashmachineService.swift */; };
		41A92DCB23C49BBE0047A41C /* Coordinator.swift in Sources */ = {isa = PBXBuildFile; fileRef = 41A92DCA23C49BBE0047A41C /* Coordinator.swift */; };
/* End PBXBuildFile section */

/* Begin PBXContainerItemProxy section */
		41A92DAC23C347120047A41C /* PBXContainerItemProxy */ = {
			isa = PBXContainerItemProxy;
			containerPortal = 41A92D8D23C3470C0047A41C /* Project object */;
			proxyType = 1;
			remoteGlobalIDString = 41A92D9423C3470C0047A41C;
			remoteInfo = Cashmachine;
		};
/* End PBXContainerItemProxy section */

/* Begin PBXFileReference section */
		41A92D9523C3470C0047A41C /* Cashmachine.app */ = {isa = PBXFileReference; explicitFileType = wrapper.application; includeInIndex = 0; path = Cashmachine.app; sourceTree = BUILT_PRODUCTS_DIR; };
		41A92D9823C3470C0047A41C /* AppDelegate.swift */ = {isa = PBXFileReference; lastKnownFileType = sourcecode.swift; path = AppDelegate.swift; sourceTree = "<group>"; };
		41A92D9C23C3470C0047A41C /* ViewController.swift */ = {isa = PBXFileReference; lastKnownFileType = sourcecode.swift; path = ViewController.swift; sourceTree = "<group>"; };
		41A92D9F23C3470C0047A41C /* Base */ = {isa = PBXFileReference; lastKnownFileType = file.storyboard; name = Base; path = Base.lproj/Main.storyboard; sourceTree = "<group>"; };
		41A92DA123C347120047A41C /* Assets.xcassets */ = {isa = PBXFileReference; lastKnownFileType = folder.assetcatalog; path = Assets.xcassets; sourceTree = "<group>"; };
		41A92DA423C347120047A41C /* Base */ = {isa = PBXFileReference; lastKnownFileType = file.storyboard; name = Base; path = Base.lproj/LaunchScreen.storyboard; sourceTree = "<group>"; };
		41A92DA623C347120047A41C /* Info.plist */ = {isa = PBXFileReference; lastKnownFileType = text.plist.xml; path = Info.plist; sourceTree = "<group>"; };
		41A92DAB23C347120047A41C /* CashmachineTests.xctest */ = {isa = PBXFileReference; explicitFileType = wrapper.cfbundle; includeInIndex = 0; path = CashmachineTests.xctest; sourceTree = BUILT_PRODUCTS_DIR; };
		41A92DAF23C347120047A41C /* CashmachineTests.swift */ = {isa = PBXFileReference; lastKnownFileType = sourcecode.swift; path = CashmachineTests.swift; sourceTree = "<group>"; };
		41A92DB123C347120047A41C /* Info.plist */ = {isa = PBXFileReference; lastKnownFileType = text.plist.xml; path = Info.plist; sourceTree = "<group>"; };
		41A92DBA23C4963F0047A41C /* Product.swift */ = {isa = PBXFileReference; lastKnownFileType = sourcecode.swift; path = Product.swift; sourceTree = "<group>"; };
		41A92DC023C4996D0047A41C /* FinishController.swift */ = {isa = PBXFileReference; lastKnownFileType = sourcecode.swift; path = FinishController.swift; sourceTree = "<group>"; };
		41A92DC223C499CD0047A41C /* BarcodeController.swift */ = {isa = PBXFileReference; lastKnownFileType = sourcecode.swift; path = BarcodeController.swift; sourceTree = "<group>"; };
		41A92DC423C499F70047A41C /* InfoProductController.swift */ = {isa = PBXFileReference; lastKnownFileType = sourcecode.swift; path = InfoProductController.swift; sourceTree = "<group>"; };
		41A92DC723C49A650047A41C /* CashmachineService.swift */ = {isa = PBXFileReference; lastKnownFileType = sourcecode.swift; path = CashmachineService.swift; sourceTree = "<group>"; };
		41A92DCA23C49BBE0047A41C /* Coordinator.swift */ = {isa = PBXFileReference; lastKnownFileType = sourcecode.swift; path = Coordinator.swift; sourceTree = "<group>"; };
/* End PBXFileReference section */

/* Begin PBXFrameworksBuildPhase section */
		41A92D9223C3470C0047A41C /* Frameworks */ = {
			isa = PBXFrameworksBuildPhase;
			buildActionMask = 2147483647;
			files = (
			);
			runOnlyForDeploymentPostprocessing = 0;
		};
		41A92DA823C347120047A41C /* Frameworks */ = {
			isa = PBXFrameworksBuildPhase;
			buildActionMask = 2147483647;
			files = (
			);
			runOnlyForDeploymentPostprocessing = 0;
		};
/* End PBXFrameworksBuildPhase section */

/* Begin PBXGroup section */
		41A92D8C23C3470C0047A41C = {
			isa = PBXGroup;
			children = (
				41A92D9723C3470C0047A41C /* Cashmachine */,
				41A92DAE23C347120047A41C /* CashmachineTests */,
				41A92D9623C3470C0047A41C /* Products */,
			);
			sourceTree = "<group>";
		};
		41A92D9623C3470C0047A41C /* Products */ = {
			isa = PBXGroup;
			children = (
				41A92D9523C3470C0047A41C /* Cashmachine.app */,
				41A92DAB23C347120047A41C /* CashmachineTests.xctest */,
			);
			name = Products;
			sourceTree = "<group>";
		};
		41A92D9723C3470C0047A41C /* Cashmachine */ = {
			isa = PBXGroup;
			children = (
				41A92DBD23C498B90047A41C /* Presentation */,
				41A92DBC23C4982E0047A41C /* Entities */,
				41A92DC623C49A4E0047A41C /* Service */,
				41A92DC923C49B880047A41C /* Coordinator */,
				41A92D9823C3470C0047A41C /* AppDelegate.swift */,
				41A92D9C23C3470C0047A41C /* ViewController.swift */,
				41A92D9E23C3470C0047A41C /* Main.storyboard */,
				41A92DA123C347120047A41C /* Assets.xcassets */,
				41A92DA323C347120047A41C /* LaunchScreen.storyboard */,
				41A92DA623C347120047A41C /* Info.plist */,
			);
			path = Cashmachine;
			sourceTree = "<group>";
		};
		41A92DAE23C347120047A41C /* CashmachineTests */ = {
			isa = PBXGroup;
			children = (
				41A92DAF23C347120047A41C /* CashmachineTests.swift */,
				41A92DB123C347120047A41C /* Info.plist */,
			);
			path = CashmachineTests;
			sourceTree = "<group>";
		};
		41A92DBC23C4982E0047A41C /* Entities */ = {
			isa = PBXGroup;
			children = (
				41A92DBA23C4963F0047A41C /* Product.swift */,
			);
			path = Entities;
			sourceTree = "<group>";
		};
		41A92DBD23C498B90047A41C /* Presentation */ = {
			isa = PBXGroup;
			children = (
				41A92DBF23C499040047A41C /* Add */,
				41A92DBE23C498D10047A41C /* Result */,
			);
			path = Presentation;
			sourceTree = "<group>";
		};
		41A92DBE23C498D10047A41C /* Result */ = {
			isa = PBXGroup;
			children = (
				41A92DC023C4996D0047A41C /* FinishController.swift */,
			);
			path = Result;
			sourceTree = "<group>";
		};
		41A92DBF23C499040047A41C /* Add */ = {
			isa = PBXGroup;
			children = (
				41A92DC223C499CD0047A41C /* BarcodeController.swift */,
				41A92DC423C499F70047A41C /* InfoProductController.swift */,
			);
			path = Add;
			sourceTree = "<group>";
		};
		41A92DC623C49A4E0047A41C /* Service */ = {
			isa = PBXGroup;
			children = (
				41A92DC723C49A650047A41C /* CashmachineService.swift */,
			);
			path = Service;
			sourceTree = "<group>";
		};
		41A92DC923C49B880047A41C /* Coordinator */ = {
			isa = PBXGroup;
			children = (
				41A92DCA23C49BBE0047A41C /* Coordinator.swift */,
			);
			path = Coordinator;
			sourceTree = "<group>";
		};
/* End PBXGroup section */

/* Begin PBXNativeTarget section */
		41A92D9423C3470C0047A41C /* Cashmachine */ = {
			isa = PBXNativeTarget;
			buildConfigurationList = 41A92DB423C347120047A41C /* Build configuration list for PBXNativeTarget "Cashmachine" */;
			buildPhases = (
				41A92D9123C3470C0047A41C /* Sources */,
				41A92D9223C3470C0047A41C /* Frameworks */,
				41A92D9323C3470C0047A41C /* Resources */,
			);
			buildRules = (
			);
			dependencies = (
			);
			name = Cashmachine;
			productName = Cashmachine;
			productReference = 41A92D9523C3470C0047A41C /* Cashmachine.app */;
			productType = "com.apple.product-type.application";
		};
		41A92DAA23C347120047A41C /* CashmachineTests */ = {
			isa = PBXNativeTarget;
			buildConfigurationList = 41A92DB723C347120047A41C /* Build configuration list for PBXNativeTarget "CashmachineTests" */;
			buildPhases = (
				41A92DA723C347120047A41C /* Sources */,
				41A92DA823C347120047A41C /* Frameworks */,
				41A92DA923C347120047A41C /* Resources */,
			);
			buildRules = (
			);
			dependencies = (
				41A92DAD23C347120047A41C /* PBXTargetDependency */,
			);
			name = CashmachineTests;
			productName = CashmachineTests;
			productReference = 41A92DAB23C347120047A41C /* CashmachineTests.xctest */;
			productType = "com.apple.product-type.bundle.unit-test";
		};
/* End PBXNativeTarget section */

/* Begin PBXProject section */
		41A92D8D23C3470C0047A41C /* Project object */ = {
			isa = PBXProject;
			attributes = {
				LastSwiftUpdateCheck = 1130;
				LastUpgradeCheck = 1130;
				ORGANIZATIONNAME = "Игорь Огай";
				TargetAttributes = {
					41A92D9423C3470C0047A41C = {
						CreatedOnToolsVersion = 11.3;
					};
					41A92DAA23C347120047A41C = {
						CreatedOnToolsVersion = 11.3;
						TestTargetID = 41A92D9423C3470C0047A41C;
					};
				};
			};
			buildConfigurationList = 41A92D9023C3470C0047A41C /* Build configuration list for PBXProject "Cashmachine" */;
			compatibilityVersion = "Xcode 9.3";
			developmentRegion = en;
			hasScannedForEncodings = 0;
			knownRegions = (
				en,
				Base,
			);
			mainGroup = 41A92D8C23C3470C0047A41C;
			productRefGroup = 41A92D9623C3470C0047A41C /* Products */;
			projectDirPath = "";
			projectRoot = "";
			targets = (
				41A92D9423C3470C0047A41C /* Cashmachine */,
				41A92DAA23C347120047A41C /* CashmachineTests */,
			);
		};
/* End PBXProject section */

/* Begin PBXResourcesBuildPhase section */
		41A92D9323C3470C0047A41C /* Resources */ = {
			isa = PBXResourcesBuildPhase;
			buildActionMask = 2147483647;
			files = (
				41A92DA523C347120047A41C /* LaunchScreen.storyboard in Resources */,
				41A92DA223C347120047A41C /* Assets.xcassets in Resources */,
				41A92DA023C3470C0047A41C /* Main.storyboard in Resources */,
			);
			runOnlyForDeploymentPostprocessing = 0;
		};
		41A92DA923C347120047A41C /* Resources */ = {
			isa = PBXResourcesBuildPhase;
			buildActionMask = 2147483647;
			files = (
			);
			runOnlyForDeploymentPostprocessing = 0;
		};
/* End PBXResourcesBuildPhase section */

/* Begin PBXSourcesBuildPhase section */
		41A92D9123C3470C0047A41C /* Sources */ = {
			isa = PBXSourcesBuildPhase;
			buildActionMask = 2147483647;
			files = (
				41A92DC823C49A650047A41C /* CashmachineService.swift in Sources */,
				41A92D9D23C3470C0047A41C /* ViewController.swift in Sources */,
				41A92DC523C499F70047A41C /* InfoProductController.swift in Sources */,
				41A92DBB23C4963F0047A41C /* Product.swift in Sources */,
				41A92DC323C499CD0047A41C /* BarcodeController.swift in Sources */,
				41A92D9923C3470C0047A41C /* AppDelegate.swift in Sources */,
				41A92DC123C4996D0047A41C /* FinishController.swift in Sources */,
				41A92DCB23C49BBE0047A41C /* Coordinator.swift in Sources */,
			);
			runOnlyForDeploymentPostprocessing = 0;
		};
		41A92DA723C347120047A41C /* Sources */ = {
			isa = PBXSourcesBuildPhase;
			buildActionMask = 2147483647;
			files = (
				41A92DB023C347120047A41C /* CashmachineTests.swift in Sources */,
			);
			runOnlyForDeploymentPostprocessing = 0;
		};
/* End PBXSourcesBuildPhase section */

/* Begin PBXTargetDependency section */
		41A92DAD23C347120047A41C /* PBXTargetDependency */ = {
			isa = PBXTargetDependency;
			target = 41A92D9423C3470C0047A41C /* Cashmachine */;
			targetProxy = 41A92DAC23C347120047A41C /* PBXContainerItemProxy */;
		};
/* End PBXTargetDependency section */

/* Begin PBXVariantGroup section */
		41A92D9E23C3470C0047A41C /* Main.storyboard */ = {
			isa = PBXVariantGroup;
			children = (
				41A92D9F23C3470C0047A41C /* Base */,
			);
			name = Main.storyboard;
			sourceTree = "<group>";
		};
		41A92DA323C347120047A41C /* LaunchScreen.storyboard */ = {
			isa = PBXVariantGroup;
			children = (
				41A92DA423C347120047A41C /* Base */,
			);
			name = LaunchScreen.storyboard;
			sourceTree = "<group>";
		};
/* End PBXVariantGroup section */

/* Begin XCBuildConfiguration section */
		41A92DB223C347120047A41C /* Debug */ = {
			isa = XCBuildConfiguration;
			buildSettings = {
				ALWAYS_SEARCH_USER_PATHS = NO;
				CLANG_ANALYZER_NONNULL = YES;
				CLANG_ANALYZER_NUMBER_OBJECT_CONVERSION = YES_AGGRESSIVE;
				CLANG_CXX_LANGUAGE_STANDARD = "gnu++14";
				CLANG_CXX_LIBRARY = "libc++";
				CLANG_ENABLE_MODULES = YES;
				CLANG_ENABLE_OBJC_ARC = YES;
				CLANG_ENABLE_OBJC_WEAK = YES;
				CLANG_WARN_BLOCK_CAPTURE_AUTORELEASING = YES;
				CLANG_WARN_BOOL_CONVERSION = YES;
				CLANG_WARN_COMMA = YES;
				CLANG_WARN_CONSTANT_CONVERSION = YES;
				CLANG_WARN_DEPRECATED_OBJC_IMPLEMENTATIONS = YES;
				CLANG_WARN_DIRECT_OBJC_ISA_USAGE = YES_ERROR;
				CLANG_WARN_DOCUMENTATION_COMMENTS = YES;
				CLANG_WARN_EMPTY_BODY = YES;
				CLANG_WARN_ENUM_CONVERSION = YES;
				CLANG_WARN_INFINITE_RECURSION = YES;
				CLANG_WARN_INT_CONVERSION = YES;
				CLANG_WARN_NON_LITERAL_NULL_CONVERSION = YES;
				CLANG_WARN_OBJC_IMPLICIT_RETAIN_SELF = YES;
				CLANG_WARN_OBJC_LITERAL_CONVERSION = YES;
				CLANG_WARN_OBJC_ROOT_CLASS = YES_ERROR;
				CLANG_WARN_RANGE_LOOP_ANALYSIS = YES;
				CLANG_WARN_STRICT_PROTOTYPES = YES;
				CLANG_WARN_SUSPICIOUS_MOVE = YES;
				CLANG_WARN_UNGUARDED_AVAILABILITY = YES_AGGRESSIVE;
				CLANG_WARN_UNREACHABLE_CODE = YES;
				CLANG_WARN__DUPLICATE_METHOD_MATCH = YES;
				COPY_PHASE_STRIP = NO;
				DEBUG_INFORMATION_FORMAT = dwarf;
				ENABLE_STRICT_OBJC_MSGSEND = YES;
				ENABLE_TESTABILITY = YES;
				GCC_C_LANGUAGE_STANDARD = gnu11;
				GCC_DYNAMIC_NO_PIC = NO;
				GCC_NO_COMMON_BLOCKS = YES;
				GCC_OPTIMIZATION_LEVEL = 0;
				GCC_PREPROCESSOR_DEFINITIONS = (
					"DEBUG=1",
					"$(inherited)",
				);
				GCC_WARN_64_TO_32_BIT_CONVERSION = YES;
				GCC_WARN_ABOUT_RETURN_TYPE = YES_ERROR;
				GCC_WARN_UNDECLARED_SELECTOR = YES;
				GCC_WARN_UNINITIALIZED_AUTOS = YES_AGGRESSIVE;
				GCC_WARN_UNUSED_FUNCTION = YES;
				GCC_WARN_UNUSED_VARIABLE = YES;
				IPHONEOS_DEPLOYMENT_TARGET = 13.2;
				MTL_ENABLE_DEBUG_INFO = INCLUDE_SOURCE;
				MTL_FAST_MATH = YES;
				ONLY_ACTIVE_ARCH = YES;
				SDKROOT = iphoneos;
				SWIFT_ACTIVE_COMPILATION_CONDITIONS = DEBUG;
				SWIFT_OPTIMIZATION_LEVEL = "-Onone";
			};
			name = Debug;
		};
		41A92DB323C347120047A41C /* Release */ = {
			isa = XCBuildConfiguration;
			buildSettings = {
				ALWAYS_SEARCH_USER_PATHS = NO;
				CLANG_ANALYZER_NONNULL = YES;
				CLANG_ANALYZER_NUMBER_OBJECT_CONVERSION = YES_AGGRESSIVE;
				CLANG_CXX_LANGUAGE_STANDARD = "gnu++14";
				CLANG_CXX_LIBRARY = "libc++";
				CLANG_ENABLE_MODULES = YES;
				CLANG_ENABLE_OBJC_ARC = YES;
				CLANG_ENABLE_OBJC_WEAK = YES;
				CLANG_WARN_BLOCK_CAPTURE_AUTORELEASING = YES;
				CLANG_WARN_BOOL_CONVERSION = YES;
				CLANG_WARN_COMMA = YES;
				CLANG_WARN_CONSTANT_CONVERSION = YES;
				CLANG_WARN_DEPRECATED_OBJC_IMPLEMENTATIONS = YES;
				CLANG_WARN_DIRECT_OBJC_ISA_USAGE = YES_ERROR;
				CLANG_WARN_DOCUMENTATION_COMMENTS = YES;
				CLANG_WARN_EMPTY_BODY = YES;
				CLANG_WARN_ENUM_CONVERSION = YES;
				CLANG_WARN_INFINITE_RECURSION = YES;
				CLANG_WARN_INT_CONVERSION = YES;
				CLANG_WARN_NON_LITERAL_NULL_CONVERSION = YES;
				CLANG_WARN_OBJC_IMPLICIT_RETAIN_SELF = YES;
				CLANG_WARN_OBJC_LITERAL_CONVERSION = YES;
				CLANG_WARN_OBJC_ROOT_CLASS = YES_ERROR;
				CLANG_WARN_RANGE_LOOP_ANALYSIS = YES;
				CLANG_WARN_STRICT_PROTOTYPES = YES;
				CLANG_WARN_SUSPICIOUS_MOVE = YES;
				CLANG_WARN_UNGUARDED_AVAILABILITY = YES_AGGRESSIVE;
				CLANG_WARN_UNREACHABLE_CODE = YES;
				CLANG_WARN__DUPLICATE_METHOD_MATCH = YES;
				COPY_PHASE_STRIP = NO;
				DEBUG_INFORMATION_FORMAT = "dwarf-with-dsym";
				ENABLE_NS_ASSERTIONS = NO;
				ENABLE_STRICT_OBJC_MSGSEND = YES;
				GCC_C_LANGUAGE_STANDARD = gnu11;
				GCC_NO_COMMON_BLOCKS = YES;
				GCC_WARN_64_TO_32_BIT_CONVERSION = YES;
				GCC_WARN_ABOUT_RETURN_TYPE = YES_ERROR;
				GCC_WARN_UNDECLARED_SELECTOR = YES;
				GCC_WARN_UNINITIALIZED_AUTOS = YES_AGGRESSIVE;
				GCC_WARN_UNUSED_FUNCTION = YES;
				GCC_WARN_UNUSED_VARIABLE = YES;
				IPHONEOS_DEPLOYMENT_TARGET = 13.2;
				MTL_ENABLE_DEBUG_INFO = NO;
				MTL_FAST_MATH = YES;
				SDKROOT = iphoneos;
				SWIFT_COMPILATION_MODE = wholemodule;
				SWIFT_OPTIMIZATION_LEVEL = "-O";
				VALIDATE_PRODUCT = YES;
			};
			name = Release;
		};
		41A92DB523C347120047A41C /* Debug */ = {
			isa = XCBuildConfiguration;
			buildSettings = {
				ASSETCATALOG_COMPILER_APPICON_NAME = AppIcon;
				CODE_SIGN_STYLE = Automatic;
				DEVELOPMENT_TEAM = R82428TV8S;
				INFOPLIST_FILE = Cashmachine/Info.plist;
				LD_RUNPATH_SEARCH_PATHS = (
					"$(inherited)",
					"@executable_path/Frameworks",
				);
				PRODUCT_BUNDLE_IDENTIFIER = igor.oh.Cashmachine;
				PRODUCT_NAME = "$(TARGET_NAME)";
				SWIFT_VERSION = 5.0;
				TARGETED_DEVICE_FAMILY = "1,2";
			};
			name = Debug;
		};
		41A92DB623C347120047A41C /* Release */ = {
			isa = XCBuildConfiguration;
			buildSettings = {
				ASSETCATALOG_COMPILER_APPICON_NAME = AppIcon;
				CODE_SIGN_STYLE = Automatic;
				DEVELOPMENT_TEAM = R82428TV8S;
				INFOPLIST_FILE = Cashmachine/Info.plist;
				LD_RUNPATH_SEARCH_PATHS = (
					"$(inherited)",
					"@executable_path/Frameworks",
				);
				PRODUCT_BUNDLE_IDENTIFIER = igor.oh.Cashmachine;
				PRODUCT_NAME = "$(TARGET_NAME)";
				SWIFT_VERSION = 5.0;
				TARGETED_DEVICE_FAMILY = "1,2";
			};
			name = Release;
		};
		41A92DB823C347120047A41C /* Debug */ = {
			isa = XCBuildConfiguration;
			buildSettings = {
				ALWAYS_EMBED_SWIFT_STANDARD_LIBRARIES = YES;
				BUNDLE_LOADER = "$(TEST_HOST)";
				CODE_SIGN_STYLE = Automatic;
				DEVELOPMENT_TEAM = R82428TV8S;
				INFOPLIST_FILE = CashmachineTests/Info.plist;
				IPHONEOS_DEPLOYMENT_TARGET = 13.2;
				LD_RUNPATH_SEARCH_PATHS = (
					"$(inherited)",
					"@executable_path/Frameworks",
					"@loader_path/Frameworks",
				);
				PRODUCT_BUNDLE_IDENTIFIER = igor.oh.CashmachineTests;
				PRODUCT_NAME = "$(TARGET_NAME)";
				SWIFT_VERSION = 5.0;
				TARGETED_DEVICE_FAMILY = "1,2";
				TEST_HOST = "$(BUILT_PRODUCTS_DIR)/Cashmachine.app/Cashmachine";
			};
			name = Debug;
		};
		41A92DB923C347120047A41C /* Release */ = {
			isa = XCBuildConfiguration;
			buildSettings = {
				ALWAYS_EMBED_SWIFT_STANDARD_LIBRARIES = YES;
				BUNDLE_LOADER = "$(TEST_HOST)";
				CODE_SIGN_STYLE = Automatic;
				DEVELOPMENT_TEAM = R82428TV8S;
				INFOPLIST_FILE = CashmachineTests/Info.plist;
				IPHONEOS_DEPLOYMENT_TARGET = 13.2;
				LD_RUNPATH_SEARCH_PATHS = (
					"$(inherited)",
					"@executable_path/Frameworks",
					"@loader_path/Frameworks",
				);
				PRODUCT_BUNDLE_IDENTIFIER = igor.oh.CashmachineTests;
				PRODUCT_NAME = "$(TARGET_NAME)";
				SWIFT_VERSION = 5.0;
				TARGETED_DEVICE_FAMILY = "1,2";
				TEST_HOST = "$(BUILT_PRODUCTS_DIR)/Cashmachine.app/Cashmachine";
			};
			name = Release;
		};
/* End XCBuildConfiguration section */

/* Begin XCConfigurationList section */
		41A92D9023C3470C0047A41C /* Build configuration list for PBXProject "Cashmachine" */ = {
			isa = XCConfigurationList;
			buildConfigurations = (
				41A92DB223C347120047A41C /* Debug */,
				41A92DB323C347120047A41C /* Release */,
			);
			defaultConfigurationIsVisible = 0;
			defaultConfigurationName = Release;
		};
		41A92DB423C347120047A41C /* Build configuration list for PBXNativeTarget "Cashmachine" */ = {
			isa = XCConfigurationList;
			buildConfigurations = (
				41A92DB523C347120047A41C /* Debug */,
				41A92DB623C347120047A41C /* Release */,
			);
			defaultConfigurationIsVisible = 0;
			defaultConfigurationName = Release;
		};
		41A92DB723C347120047A41C /* Build configuration list for PBXNativeTarget "CashmachineTests" */ = {
			isa = XCConfigurationList;
			buildConfigurations = (
				41A92DB823C347120047A41C /* Debug */,
				41A92DB923C347120047A41C /* Release */,
			);
			defaultConfigurationIsVisible = 0;
			defaultConfigurationName = Release;
		};
/* End XCConfigurationList section */
	};
	rootObject = 41A92D8D23C3470C0047A41C /* Project object */;
}
